
Microsoft Visual Studio Solution File, Format Version 12.00
# Visual Studio 15
VisualStudioVersion = 15.0.28010.2048
MinimumVisualStudioVersion = 10.0.40219.1
Project("{FAE04EC0-301F-11D3-BF4B-00C04F79EFBC}") = "HelloAttachedPropierties.Android", "HelloAttachedPropierties\HelloAttachedPropierties.Android\HelloAttachedPropierties.Android.csproj", "{66E8101E-0490-4ABA-A2B3-DD0CD68E4757}"
EndProject
Project("{FAE04EC0-301F-11D3-BF4B-00C04F79EFBC}") = "HelloAttachedPropierties.UWP", "HelloAttachedPropierties\HelloAttachedPropierties.UWP\HelloAttachedPropierties.UWP.csproj", "{BEAA6AB4-8FA1-4EA7-B708-D3147342D5A1}"
EndProject
Project("{FAE04EC0-301F-11D3-BF4B-00C04F79EFBC}") = "HelloAttachedPropierties", "HelloAttachedPropierties\HelloAttachedPropierties\HelloAttachedPropierties.csproj", "{A105B2EC-0FEF-4D4F-81A5-250704136613}"
EndProject
Global
	GlobalSection(SolutionConfigurationPlatforms) = preSolution
		Debug|Any CPU = Debug|Any CPU
		Debug|ARM = Debug|ARM
		Debug|x64 = Debug|x64
		Debug|x86 = Debug|x86
		Release|Any CPU = Release|Any CPU
		Release|ARM = Release|ARM
		Release|x64 = Release|x64
		Release|x86 = Release|x86
	EndGlobalSection
	GlobalSection(ProjectConfigurationPlatforms) = postSolution
		{66E8101E-0490-4ABA-A2B3-DD0CD68E4757}.Debug|Any CPU.ActiveCfg = Debug|Any CPU
		{66E8101E-0490-4ABA-A2B3-DD0CD68E4757}.Debug|Any CPU.Build.0 = Debug|Any CPU
		{66E8101E-0490-4ABA-A2B3-DD0CD68E4757}.Debug|Any CPU.Deploy.0 = Debug|Any CPU
		{66E8101E-0490-4ABA-A2B3-DD0CD68E4757}.Debug|ARM.ActiveCfg = Debug|Any CPU
		{66E8101E-0490-4ABA-A2B3-DD0CD68E4757}.Debug|ARM.Build.0 = Debug|Any CPU
		{66E8101E-0490-4ABA-A2B3-DD0CD68E4757}.Debug|ARM.Deploy.0 = Debug|Any CPU
		{66E8101E-0490-4ABA-A2B3-DD0CD68E4757}.Debug|x64.ActiveCfg = Debug|Any CPU
		{66E8101E-0490-4ABA-A2B3-DD0CD68E4757}.Debug|x64.Build.0 = Debug|Any CPU
		{66E8101E-0490-4ABA-A2B3-DD0CD68E4757}.Debug|x64.Deploy.0 = Debug|Any CPU
		{66E8101E-0490-4ABA-A2B3-DD0CD68E4757}.Debug|x86.ActiveCfg = Debug|Any CPU
		{66E8101E-0490-4ABA-A2B3-DD0CD68E4757}.Debug|x86.Build.0 = Debug|Any CPU
		{66E8101E-0490-4ABA-A2B3-DD0CD68E4757}.Debug|x86.Deploy.0 = Debug|Any CPU
		{66E8101E-0490-4ABA-A2B3-DD0CD68E4757}.Release|Any CPU.ActiveCfg = Release|Any CPU
		{66E8101E-0490-4ABA-A2B3-DD0CD68E4757}.Release|Any CPU.Build.0 = Release|Any CPU
		{66E8101E-0490-4ABA-A2B3-DD0CD68E4757}.Release|Any CPU.Deploy.0 = Release|Any CPU
		{66E8101E-0490-4ABA-A2B3-DD0CD68E4757}.Release|ARM.ActiveCfg = Release|Any CPU
		{66E8101E-0490-4ABA-A2B3-DD0CD68E4757}.Release|ARM.Build.0 = Release|Any CPU
		{66E8101E-0490-4ABA-A2B3-DD0CD68E4757}.Release|ARM.Deploy.0 = Release|Any CPU
		{66E8101E-0490-4ABA-A2B3-DD0CD68E4757}.Release|x64.ActiveCfg = Release|Any CPU
		{66E8101E-0490-4ABA-A2B3-DD0CD68E4757}.Release|x64.Build.0 = Release|Any CPU
		{66E8101E-0490-4ABA-A2B3-DD0CD68E4757}.Release|x64.Deploy.0 = Release|Any CPU
		{66E8101E-0490-4ABA-A2B3-DD0CD68E4757}.Release|x86.ActiveCfg = Release|Any CPU
		{66E8101E-0490-4ABA-A2B3-DD0CD68E4757}.Release|x86.Build.0 = Release|Any CPU
		{66E8101E-0490-4ABA-A2B3-DD0CD68E4757}.Release|x86.Deploy.0 = Release|Any CPU
		{BEAA6AB4-8FA1-4EA7-B708-D3147342D5A1}.Debug|Any CPU.ActiveCfg = Debug|x86
		{BEAA6AB4-8FA1-4EA7-B708-D3147342D5A1}.Debug|Any CPU.Build.0 = Debug|x86
		{BEAA6AB4-8FA1-4EA7-B708-D3147342D5A1}.Debug|Any CPU.Deploy.0 = Debug|x86
		{BEAA6AB4-8FA1-4EA7-B708-D3147342D5A1}.Debug|ARM.ActiveCfg = Debug|ARM
		{BEAA6AB4-8FA1-4EA7-B708-D3147342D5A1}.Debug|ARM.Build.0 = Debug|ARM
		{BEAA6AB4-8FA1-4EA7-B708-D3147342D5A1}.Debug|ARM.Deploy.0 = Debug|ARM
		{BEAA6AB4-8FA1-4EA7-B708-D3147342D5A1}.Debug|x64.ActiveCfg = Debug|x64
		{BEAA6AB4-8FA1-4EA7-B708-D3147342D5A1}.Debug|x64.Build.0 = Debug|x64
		{BEAA6AB4-8FA1-4EA7-B708-D3147342D5A1}.Debug|x64.Deploy.0 = Debug|x64
		{BEAA6AB4-8FA1-4EA7-B708-D3147342D5A1}.Debug|x86.ActiveCfg = Debug|x86
		{BEAA6AB4-8FA1-4EA7-B708-D3147342D5A1}.Debug|x86.Build.0 = Debug|x86
		{BEAA6AB4-8FA1-4EA7-B708-D3147342D5A1}.Debug|x86.Deploy.0 = Debug|x86
		{BEAA6AB4-8FA1-4EA7-B708-D3147342D5A1}.Release|Any CPU.ActiveCfg = Release|x86
		{BEAA6AB4-8FA1-4EA7-B708-D3147342D5A1}.Release|Any CPU.Build.0 = Release|x86
		{BEAA6AB4-8FA1-4EA7-B708-D3147342D5A1}.Release|Any CPU.Deploy.0 = Release|x86
		{BEAA6AB4-8FA1-4EA7-B708-D3147342D5A1}.Release|ARM.ActiveCfg = Release|ARM
		{BEAA6AB4-8FA1-4EA7-B708-D3147342D5A1}.Release|ARM.Build.0 = Release|ARM
		{BEAA6AB4-8FA1-4EA7-B708-D3147342D5A1}.Release|ARM.Deploy.0 = Release|ARM
		{BEAA6AB4-8FA1-4EA7-B708-D3147342D5A1}.Release|x64.ActiveCfg = Release|x64
		{BEAA6AB4-8FA1-4EA7-B708-D3147342D5A1}.Release|x64.Build.0 = Release|x64
		{BEAA6AB4-8FA1-4EA7-B708-D3147342D5A1}.Release|x64.Deploy.0 = Release|x64
		{BEAA6AB4-8FA1-4EA7-B708-D3147342D5A1}.Release|x86.ActiveCfg = Release|x86
		{BEAA6AB4-8FA1-4EA7-B708-D3147342D5A1}.Release|x86.Build.0 = Release|x86
		{BEAA6AB4-8FA1-4EA7-B708-D3147342D5A1}.Release|x86.Deploy.0 = Release|x86
		{A105B2EC-0FEF-4D4F-81A5-250704136613}.Debug|Any CPU.ActiveCfg = Debug|Any CPU
		{A105B2EC-0FEF-4D4F-81A5-250704136613}.Debug|Any CPU.Build.0 = Debug|Any CPU
		{A105B2EC-0FEF-4D4F-81A5-250704136613}.Debug|Any CPU.Deploy.0 = Debug|Any CPU
		{A105B2EC-0FEF-4D4F-81A5-250704136613}.Debug|ARM.ActiveCfg = Debug|Any CPU
		{A105B2EC-0FEF-4D4F-81A5-250704136613}.Debug|ARM.Build.0 = Debug|Any CPU
		{A105B2EC-0FEF-4D4F-81A5-250704136613}.Debug|ARM.Deploy.0 = Debug|Any CPU
		{A105B2EC-0FEF-4D4F-81A5-250704136613}.Debug|x64.ActiveCfg = Debug|Any CPU
		{A105B2EC-0FEF-4D4F-81A5-250704136613}.Debug|x64.Build.0 = Debug|Any CPU
		{A105B2EC-0FEF-4D4F-81A5-250704136613}.Debug|x64.Deploy.0 = Debug|Any CPU
		{A105B2EC-0FEF-4D4F-81A5-250704136613}.Debug|x86.ActiveCfg = Debug|Any CPU
		{A105B2EC-0FEF-4D4F-81A5-250704136613}.Debug|x86.Build.0 = Debug|Any CPU
		{A105B2EC-0FEF-4D4F-81A5-250704136613}.Debug|x86.Deploy.0 = Debug|Any CPU
		{A105B2EC-0FEF-4D4F-81A5-250704136613}.Release|Any CPU.ActiveCfg = Release|Any CPU
		{A105B2EC-0FEF-4D4F-81A5-250704136613}.Release|Any CPU.Build.0 = Release|Any CPU
		{A105B2EC-0FEF-4D4F-81A5-250704136613}.Release|Any CPU.Deploy.0 = Release|Any CPU
		{A105B2EC-0FEF-4D4F-81A5-250704136613}.Release|ARM.ActiveCfg = Release|Any CPU
		{A105B2EC-0FEF-4D4F-81A5-250704136613}.Release|ARM.Build.0 = Release|Any CPU
		{A105B2EC-0FEF-4D4F-81A5-250704136613}.Release|ARM.Deploy.0 = Release|Any CPU
		{A105B2EC-0FEF-4D4F-81A5-250704136613}.Release|x64.ActiveCfg = Release|Any CPU
		{A105B2EC-0FEF-4D4F-81A5-250704136613}.Release|x64.Build.0 = Release|Any CPU
		{A105B2EC-0FEF-4D4F-81A5-250704136613}.Release|x64.Deploy.0 = Release|Any CPU
		{A105B2EC-0FEF-4D4F-81A5-250704136613}.Release|x86.ActiveCfg = Release|Any CPU
		{A105B2EC-0FEF-4D4F-81A5-250704136613}.Release|x86.Build.0 = Release|Any CPU
		{A105B2EC-0FEF-4D4F-81A5-250704136613}.Release|x86.Deploy.0 = Release|Any CPU
	EndGlobalSection
	GlobalSection(SolutionProperties) = preSolution
		HideSolutionNode = FALSE
	EndGlobalSection
	GlobalSection(ExtensibilityGlobals) = postSolution
		SolutionGuid = {075DFE5E-BB78-48E0-BF78-E5A7C633A957}
	EndGlobalSection
EndGlobal
